
Microsoft Visual Studio Solution File, Format Version 12.00
# Visual Studio Version 17
VisualStudioVersion = 17.9.34407.89
MinimumVisualStudioVersion = 10.0.40219.1
Project("{888888A0-9F3D-457C-B088-3A5042F75D52}") = "StableDiffusionUpscaler", "StableDiffusionUpscaler.pyproj", "{C86682CA-FCF2-40B8-AE4D-AB9372D461FA}"
EndProject
Global
	GlobalSection(SolutionConfigurationPlatforms) = preSolution
		Debug|Any CPU = Debug|Any CPU
		Release|Any CPU = Release|Any CPU
	EndGlobalSection
	GlobalSection(ProjectConfigurationPlatforms) = postSolution
		{C86682CA-FCF2-40B8-AE4D-AB9372D461FA}.Debug|Any CPU.ActiveCfg = Debug|Any CPU
		{C86682CA-FCF2-40B8-AE4D-AB9372D461FA}.Release|Any CPU.ActiveCfg = Release|Any CPU
	EndGlobalSection
	GlobalSection(SolutionProperties) = preSolution
		HideSolutionNode = FALSE
	EndGlobalSection
	GlobalSection(ExtensibilityGlobals) = postSolution
		SolutionGuid = {424DEBFC-5A87-4991-8A27-A62F3A43657F}
	EndGlobalSection
EndGlobal
